
Microsoft Visual Studio Solution File, Format Version 12.00
# Visual Studio Version 17
VisualStudioVersion = 17.9.34616.47
MinimumVisualStudioVersion = 10.0.40219.1
Project("{FAE04EC0-301F-11D3-BF4B-00C04F79EFBC}") = "lab", "lab\lab.csproj", "{791201C9-C2D7-4BBF-A079-66FB2A87DE55}"
EndProject
Project("{FAE04EC0-301F-11D3-BF4B-00C04F79EFBC}") = "Figure", "Figure\Figure.csproj", "{95D6E007-3BCA-4979-BA18-32B0A46BBB34}"
EndProject
Global
	GlobalSection(SolutionConfigurationPlatforms) = preSolution
		Debug|Any CPU = Debug|Any CPU
		Release|Any CPU = Release|Any CPU
	EndGlobalSection
	GlobalSection(ProjectConfigurationPlatforms) = postSolution
		{791201C9-C2D7-4BBF-A079-66FB2A87DE55}.Debug|Any CPU.ActiveCfg = Debug|Any CPU
		{791201C9-C2D7-4BBF-A079-66FB2A87DE55}.Debug|Any CPU.Build.0 = Debug|Any CPU
		{791201C9-C2D7-4BBF-A079-66FB2A87DE55}.Release|Any CPU.ActiveCfg = Release|Any CPU
		{791201C9-C2D7-4BBF-A079-66FB2A87DE55}.Release|Any CPU.Build.0 = Release|Any CPU
		{95D6E007-3BCA-4979-BA18-32B0A46BBB34}.Debug|Any CPU.ActiveCfg = Debug|Any CPU
		{95D6E007-3BCA-4979-BA18-32B0A46BBB34}.Debug|Any CPU.Build.0 = Debug|Any CPU
		{95D6E007-3BCA-4979-BA18-32B0A46BBB34}.Release|Any CPU.ActiveCfg = Release|Any CPU
		{95D6E007-3BCA-4979-BA18-32B0A46BBB34}.Release|Any CPU.Build.0 = Release|Any CPU
	EndGlobalSection
	GlobalSection(SolutionProperties) = preSolution
		HideSolutionNode = FALSE
	EndGlobalSection
	GlobalSection(ExtensibilityGlobals) = postSolution
		SolutionGuid = {3720AB98-6316-4228-AACC-373738030F60}
	EndGlobalSection
EndGlobal
